// !$*UTF8*$!
{
	archiveVersion = 1;
	classes = {
	};
	objectVersion = 55;
	objects = {

/* Begin PBXBuildFile section */
		11684CAD28AE4D6400A7503E /* UsersViewController.swift in Sources */ = {isa = PBXBuildFile; fileRef = 11684CAC28AE4D6400A7503E /* UsersViewController.swift */; };
		11684CBC28B0014100A7503E /* UsersDataModel.xcdatamodeld in Sources */ = {isa = PBXBuildFile; fileRef = 11684CBA28B0014100A7503E /* UsersDataModel.xcdatamodeld */; };
		11684CE128B0DADB00A7503E /* UserDetailsViewController.swift in Sources */ = {isa = PBXBuildFile; fileRef = 11684CE028B0DADB00A7503E /* UserDetailsViewController.swift */; };
		11684CE328B0EC4700A7503E /* UserDataPresenter.swift in Sources */ = {isa = PBXBuildFile; fileRef = 11684CE228B0EC4700A7503E /* UserDataPresenter.swift */; };
		11684CE628B24FAB00A7503E /* User+CoreDataClass.swift in Sources */ = {isa = PBXBuildFile; fileRef = 11684CE428B24FAB00A7503E /* User+CoreDataClass.swift */; };
		11684CE728B24FAB00A7503E /* User+CoreDataProperties.swift in Sources */ = {isa = PBXBuildFile; fileRef = 11684CE528B24FAB00A7503E /* User+CoreDataProperties.swift */; };
		11684CE928B27C0300A7503E /* String+Date Extensions.swift in Sources */ = {isa = PBXBuildFile; fileRef = 11684CE828B27C0300A7503E /* String+Date Extensions.swift */; };
		11E021FA28AA267D004846F7 /* AppDelegate.swift in Sources */ = {isa = PBXBuildFile; fileRef = 11E021F928AA267D004846F7 /* AppDelegate.swift */; };
		11E021FC28AA267D004846F7 /* SceneDelegate.swift in Sources */ = {isa = PBXBuildFile; fileRef = 11E021FB28AA267D004846F7 /* SceneDelegate.swift */; };
		11E0220128AA267D004846F7 /* Main.storyboard in Resources */ = {isa = PBXBuildFile; fileRef = 11E021FF28AA267D004846F7 /* Main.storyboard */; };
		11E0220328AA2680004846F7 /* Assets.xcassets in Resources */ = {isa = PBXBuildFile; fileRef = 11E0220228AA2680004846F7 /* Assets.xcassets */; };
		11E0220628AA2680004846F7 /* LaunchScreen.storyboard in Resources */ = {isa = PBXBuildFile; fileRef = 11E0220428AA2680004846F7 /* LaunchScreen.storyboard */; };
/* End PBXBuildFile section */

/* Begin PBXFileReference section */
		11684CAC28AE4D6400A7503E /* UsersViewController.swift */ = {isa = PBXFileReference; lastKnownFileType = sourcecode.swift; path = UsersViewController.swift; sourceTree = "<group>"; };
		11684CBB28B0014100A7503E /* UsersDataModel.xcdatamodel */ = {isa = PBXFileReference; lastKnownFileType = wrapper.xcdatamodel; path = UsersDataModel.xcdatamodel; sourceTree = "<group>"; };
		11684CE028B0DADB00A7503E /* UserDetailsViewController.swift */ = {isa = PBXFileReference; lastKnownFileType = sourcecode.swift; path = UserDetailsViewController.swift; sourceTree = "<group>"; };
		11684CE228B0EC4700A7503E /* UserDataPresenter.swift */ = {isa = PBXFileReference; lastKnownFileType = sourcecode.swift; path = UserDataPresenter.swift; sourceTree = "<group>"; };
		11684CE428B24FAB00A7503E /* User+CoreDataClass.swift */ = {isa = PBXFileReference; lastKnownFileType = sourcecode.swift; path = "User+CoreDataClass.swift"; sourceTree = "<group>"; };
		11684CE528B24FAB00A7503E /* User+CoreDataProperties.swift */ = {isa = PBXFileReference; lastKnownFileType = sourcecode.swift; path = "User+CoreDataProperties.swift"; sourceTree = "<group>"; };
		11684CE828B27C0300A7503E /* String+Date Extensions.swift */ = {isa = PBXFileReference; lastKnownFileType = sourcecode.swift; path = "String+Date Extensions.swift"; sourceTree = "<group>"; };
		11E021F628AA267D004846F7 /* iOS6-HW26-Alexander.Strelkov.app */ = {isa = PBXFileReference; explicitFileType = wrapper.application; includeInIndex = 0; path = "iOS6-HW26-Alexander.Strelkov.app"; sourceTree = BUILT_PRODUCTS_DIR; };
		11E021F928AA267D004846F7 /* AppDelegate.swift */ = {isa = PBXFileReference; lastKnownFileType = sourcecode.swift; path = AppDelegate.swift; sourceTree = "<group>"; };
		11E021FB28AA267D004846F7 /* SceneDelegate.swift */ = {isa = PBXFileReference; lastKnownFileType = sourcecode.swift; path = SceneDelegate.swift; sourceTree = "<group>"; };
		11E0220028AA267D004846F7 /* Base */ = {isa = PBXFileReference; lastKnownFileType = file.storyboard; name = Base; path = Base.lproj/Main.storyboard; sourceTree = "<group>"; };
		11E0220228AA2680004846F7 /* Assets.xcassets */ = {isa = PBXFileReference; lastKnownFileType = folder.assetcatalog; path = Assets.xcassets; sourceTree = "<group>"; };
		11E0220528AA2680004846F7 /* Base */ = {isa = PBXFileReference; lastKnownFileType = file.storyboard; name = Base; path = Base.lproj/LaunchScreen.storyboard; sourceTree = "<group>"; };
		11E0220728AA2680004846F7 /* Info.plist */ = {isa = PBXFileReference; lastKnownFileType = text.plist.xml; path = Info.plist; sourceTree = "<group>"; };
/* End PBXFileReference section */

/* Begin PBXFrameworksBuildPhase section */
		11E021F328AA267D004846F7 /* Frameworks */ = {
			isa = PBXFrameworksBuildPhase;
			buildActionMask = 2147483647;
			files = (
			);
			runOnlyForDeploymentPostprocessing = 0;
		};
/* End PBXFrameworksBuildPhase section */

/* Begin PBXGroup section */
		11684CA928AE4D3C00A7503E /* Model */ = {
			isa = PBXGroup;
			children = (
				11684CE428B24FAB00A7503E /* User+CoreDataClass.swift */,
				11684CE528B24FAB00A7503E /* User+CoreDataProperties.swift */,
			);
			path = Model;
			sourceTree = "<group>";
		};
		11684CAA28AE4D4400A7503E /* UserView */ = {
			isa = PBXGroup;
			children = (
				11684CAC28AE4D6400A7503E /* UsersViewController.swift */,
			);
			path = UserView;
			sourceTree = "<group>";
		};
		11684CEA28B3C47B00A7503E /* Extensions */ = {
			isa = PBXGroup;
			children = (
				11684CE828B27C0300A7503E /* String+Date Extensions.swift */,
			);
			path = Extensions;
			sourceTree = "<group>";
		};
		11E021ED28AA267D004846F7 = {
			isa = PBXGroup;
			children = (
				11E021F828AA267D004846F7 /* iOS6-HW26-Alexander.Strelkov */,
				11E021F728AA267D004846F7 /* Products */,
			);
			sourceTree = "<group>";
		};
		11E021F728AA267D004846F7 /* Products */ = {
			isa = PBXGroup;
			children = (
				11E021F628AA267D004846F7 /* iOS6-HW26-Alexander.Strelkov.app */,
			);
			name = Products;
			sourceTree = "<group>";
		};
		11E021F828AA267D004846F7 /* iOS6-HW26-Alexander.Strelkov */ = {
			isa = PBXGroup;
			children = (
				11E0220E28AA2A06004846F7 /* Sources */,
				11E0220D28AA29FA004846F7 /* Resources */,
			);
			path = "iOS6-HW26-Alexander.Strelkov";
			sourceTree = "<group>";
		};
		11E0220D28AA29FA004846F7 /* Resources */ = {
			isa = PBXGroup;
			children = (
				11684CBA28B0014100A7503E /* UsersDataModel.xcdatamodeld */,
				11684CEA28B3C47B00A7503E /* Extensions */,
				11E0220228AA2680004846F7 /* Assets.xcassets */,
				11E021FF28AA267D004846F7 /* Main.storyboard */,
				11E0220428AA2680004846F7 /* LaunchScreen.storyboard */,
				11E0220728AA2680004846F7 /* Info.plist */,
			);
			path = Resources;
			sourceTree = "<group>";
		};
		11E0220E28AA2A06004846F7 /* Sources */ = {
			isa = PBXGroup;
			children = (
				11E0221028AA2A16004846F7 /* Scenes */,
				11E0220F28AA2A10004846F7 /* App */,
			);
			path = Sources;
			sourceTree = "<group>";
		};
		11E0220F28AA2A10004846F7 /* App */ = {
			isa = PBXGroup;
			children = (
				11E021F928AA267D004846F7 /* AppDelegate.swift */,
				11E021FB28AA267D004846F7 /* SceneDelegate.swift */,
			);
			path = App;
			sourceTree = "<group>";
		};
		11E0221028AA2A16004846F7 /* Scenes */ = {
			isa = PBXGroup;
			children = (
				11684CA928AE4D3C00A7503E /* Model */,
				11684CAA28AE4D4400A7503E /* UserView */,
				11E43F4E28B65B0000CCBDE6 /* DetailView */,
				11E43F4728B5217000CCBDE6 /* Presenter */,
			);
			path = Scenes;
			sourceTree = "<group>";
		};
		11E43F4728B5217000CCBDE6 /* Presenter */ = {
			isa = PBXGroup;
			children = (
				11684CE228B0EC4700A7503E /* UserDataPresenter.swift */,
			);
			path = Presenter;
			sourceTree = "<group>";
		};
		11E43F4E28B65B0000CCBDE6 /* DetailView */ = {
			isa = PBXGroup;
			children = (
				11684CE028B0DADB00A7503E /* UserDetailsViewController.swift */,
			);
			path = DetailView;
			sourceTree = "<group>";
		};
/* End PBXGroup section */

/* Begin PBXNativeTarget section */
		11E021F528AA267D004846F7 /* iOS6-HW26-Alexander.Strelkov */ = {
			isa = PBXNativeTarget;
			buildConfigurationList = 11E0220A28AA2680004846F7 /* Build configuration list for PBXNativeTarget "iOS6-HW26-Alexander.Strelkov" */;
			buildPhases = (
				11E021F228AA267D004846F7 /* Sources */,
				11E021F328AA267D004846F7 /* Frameworks */,
				11E021F428AA267D004846F7 /* Resources */,
			);
			buildRules = (
			);
			dependencies = (
			);
			name = "iOS6-HW26-Alexander.Strelkov";
			productName = "iOS6-HW26-Alexander.Strelkov";
			productReference = 11E021F628AA267D004846F7 /* iOS6-HW26-Alexander.Strelkov.app */;
			productType = "com.apple.product-type.application";
		};
/* End PBXNativeTarget section */

/* Begin PBXProject section */
		11E021EE28AA267D004846F7 /* Project object */ = {
			isa = PBXProject;
			attributes = {
				BuildIndependentTargetsInParallel = 1;
				LastSwiftUpdateCheck = 1300;
				LastUpgradeCheck = 1300;
				TargetAttributes = {
					11E021F528AA267D004846F7 = {
						CreatedOnToolsVersion = 13.0;
					};
				};
			};
			buildConfigurationList = 11E021F128AA267D004846F7 /* Build configuration list for PBXProject "iOS6-HW26-Alexander.Strelkov" */;
			compatibilityVersion = "Xcode 13.0";
			developmentRegion = en;
			hasScannedForEncodings = 0;
			knownRegions = (
				en,
				Base,
			);
			mainGroup = 11E021ED28AA267D004846F7;
			productRefGroup = 11E021F728AA267D004846F7 /* Products */;
			projectDirPath = "";
			projectRoot = "";
			targets = (
				11E021F528AA267D004846F7 /* iOS6-HW26-Alexander.Strelkov */,
			);
		};
/* End PBXProject section */

/* Begin PBXResourcesBuildPhase section */
		11E021F428AA267D004846F7 /* Resources */ = {
			isa = PBXResourcesBuildPhase;
			buildActionMask = 2147483647;
			files = (
				11E0220628AA2680004846F7 /* LaunchScreen.storyboard in Resources */,
				11E0220328AA2680004846F7 /* Assets.xcassets in Resources */,
				11E0220128AA267D004846F7 /* Main.storyboard in Resources */,
			);
			runOnlyForDeploymentPostprocessing = 0;
		};
/* End PBXResourcesBuildPhase section */

/* Begin PBXSourcesBuildPhase section */
		11E021F228AA267D004846F7 /* Sources */ = {
			isa = PBXSourcesBuildPhase;
			buildActionMask = 2147483647;
			files = (
				11684CBC28B0014100A7503E /* UsersDataModel.xcdatamodeld in Sources */,
				11684CAD28AE4D6400A7503E /* UsersViewController.swift in Sources */,
				11E021FA28AA267D004846F7 /* AppDelegate.swift in Sources */,
				11E021FC28AA267D004846F7 /* SceneDelegate.swift in Sources */,
				11684CE328B0EC4700A7503E /* UserDataPresenter.swift in Sources */,
				11684CE128B0DADB00A7503E /* UserDetailsViewController.swift in Sources */,
				11684CE628B24FAB00A7503E /* User+CoreDataClass.swift in Sources */,
				11684CE928B27C0300A7503E /* String+Date Extensions.swift in Sources */,
				11684CE728B24FAB00A7503E /* User+CoreDataProperties.swift in Sources */,
			);
			runOnlyForDeploymentPostprocessing = 0;
		};
/* End PBXSourcesBuildPhase section */

/* Begin PBXVariantGroup section */
		11E021FF28AA267D004846F7 /* Main.storyboard */ = {
			isa = PBXVariantGroup;
			children = (
				11E0220028AA267D004846F7 /* Base */,
			);
			name = Main.storyboard;
			sourceTree = "<group>";
		};
		11E0220428AA2680004846F7 /* LaunchScreen.storyboard */ = {
			isa = PBXVariantGroup;
			children = (
				11E0220528AA2680004846F7 /* Base */,
			);
			name = LaunchScreen.storyboard;
			sourceTree = "<group>";
		};
/* End PBXVariantGroup section */

/* Begin XCBuildConfiguration section */
		11E0220828AA2680004846F7 /* Debug */ = {
			isa = XCBuildConfiguration;
			buildSettings = {
				ALWAYS_SEARCH_USER_PATHS = NO;
				CLANG_ANALYZER_NONNULL = YES;
				CLANG_ANALYZER_NUMBER_OBJECT_CONVERSION = YES_AGGRESSIVE;
				CLANG_CXX_LANGUAGE_STANDARD = "gnu++17";
				CLANG_CXX_LIBRARY = "libc++";
				CLANG_ENABLE_MODULES = YES;
				CLANG_ENABLE_OBJC_ARC = YES;
				CLANG_ENABLE_OBJC_WEAK = YES;
				CLANG_WARN_BLOCK_CAPTURE_AUTORELEASING = YES;
				CLANG_WARN_BOOL_CONVERSION = YES;
				CLANG_WARN_COMMA = YES;
				CLANG_WARN_CONSTANT_CONVERSION = YES;
				CLANG_WARN_DEPRECATED_OBJC_IMPLEMENTATIONS = YES;
				CLANG_WARN_DIRECT_OBJC_ISA_USAGE = YES_ERROR;
				CLANG_WARN_DOCUMENTATION_COMMENTS = YES;
				CLANG_WARN_EMPTY_BODY = YES;
				CLANG_WARN_ENUM_CONVERSION = YES;
				CLANG_WARN_INFINITE_RECURSION = YES;
				CLANG_WARN_INT_CONVERSION = YES;
				CLANG_WARN_NON_LITERAL_NULL_CONVERSION = YES;
				CLANG_WARN_OBJC_IMPLICIT_RETAIN_SELF = YES;
				CLANG_WARN_OBJC_LITERAL_CONVERSION = YES;
				CLANG_WARN_OBJC_ROOT_CLASS = YES_ERROR;
				CLANG_WARN_QUOTED_INCLUDE_IN_FRAMEWORK_HEADER = YES;
				CLANG_WARN_RANGE_LOOP_ANALYSIS = YES;
				CLANG_WARN_STRICT_PROTOTYPES = YES;
				CLANG_WARN_SUSPICIOUS_MOVE = YES;
				CLANG_WARN_UNGUARDED_AVAILABILITY = YES_AGGRESSIVE;
				CLANG_WARN_UNREACHABLE_CODE = YES;
				CLANG_WARN__DUPLICATE_METHOD_MATCH = YES;
				COPY_PHASE_STRIP = NO;
				DEBUG_INFORMATION_FORMAT = dwarf;
				ENABLE_STRICT_OBJC_MSGSEND = YES;
				ENABLE_TESTABILITY = YES;
				GCC_C_LANGUAGE_STANDARD = gnu11;
				GCC_DYNAMIC_NO_PIC = NO;
				GCC_NO_COMMON_BLOCKS = YES;
				GCC_OPTIMIZATION_LEVEL = 0;
				GCC_PREPROCESSOR_DEFINITIONS = (
					"DEBUG=1",
					"$(inherited)",
				);
				GCC_WARN_64_TO_32_BIT_CONVERSION = YES;
				GCC_WARN_ABOUT_RETURN_TYPE = YES_ERROR;
				GCC_WARN_UNDECLARED_SELECTOR = YES;
				GCC_WARN_UNINITIALIZED_AUTOS = YES_AGGRESSIVE;
				GCC_WARN_UNUSED_FUNCTION = YES;
				GCC_WARN_UNUSED_VARIABLE = YES;
				IPHONEOS_DEPLOYMENT_TARGET = 15.0;
				MTL_ENABLE_DEBUG_INFO = INCLUDE_SOURCE;
				MTL_FAST_MATH = YES;
				ONLY_ACTIVE_ARCH = YES;
				SDKROOT = iphoneos;
				SWIFT_ACTIVE_COMPILATION_CONDITIONS = DEBUG;
				SWIFT_OPTIMIZATION_LEVEL = "-Onone";
			};
			name = Debug;
		};
		11E0220928AA2680004846F7 /* Release */ = {
			isa = XCBuildConfiguration;
			buildSettings = {
				ALWAYS_SEARCH_USER_PATHS = NO;
				CLANG_ANALYZER_NONNULL = YES;
				CLANG_ANALYZER_NUMBER_OBJECT_CONVERSION = YES_AGGRESSIVE;
				CLANG_CXX_LANGUAGE_STANDARD = "gnu++17";
				CLANG_CXX_LIBRARY = "libc++";
				CLANG_ENABLE_MODULES = YES;
				CLANG_ENABLE_OBJC_ARC = YES;
				CLANG_ENABLE_OBJC_WEAK = YES;
				CLANG_WARN_BLOCK_CAPTURE_AUTORELEASING = YES;
				CLANG_WARN_BOOL_CONVERSION = YES;
				CLANG_WARN_COMMA = YES;
				CLANG_WARN_CONSTANT_CONVERSION = YES;
				CLANG_WARN_DEPRECATED_OBJC_IMPLEMENTATIONS = YES;
				CLANG_WARN_DIRECT_OBJC_ISA_USAGE = YES_ERROR;
				CLANG_WARN_DOCUMENTATION_COMMENTS = YES;
				CLANG_WARN_EMPTY_BODY = YES;
				CLANG_WARN_ENUM_CONVERSION = YES;
				CLANG_WARN_INFINITE_RECURSION = YES;
				CLANG_WARN_INT_CONVERSION = YES;
				CLANG_WARN_NON_LITERAL_NULL_CONVERSION = YES;
				CLANG_WARN_OBJC_IMPLICIT_RETAIN_SELF = YES;
				CLANG_WARN_OBJC_LITERAL_CONVERSION = YES;
				CLANG_WARN_OBJC_ROOT_CLASS = YES_ERROR;
				CLANG_WARN_QUOTED_INCLUDE_IN_FRAMEWORK_HEADER = YES;
				CLANG_WARN_RANGE_LOOP_ANALYSIS = YES;
				CLANG_WARN_STRICT_PROTOTYPES = YES;
				CLANG_WARN_SUSPICIOUS_MOVE = YES;
				CLANG_WARN_UNGUARDED_AVAILABILITY = YES_AGGRESSIVE;
				CLANG_WARN_UNREACHABLE_CODE = YES;
				CLANG_WARN__DUPLICATE_METHOD_MATCH = YES;
				COPY_PHASE_STRIP = NO;
				DEBUG_INFORMATION_FORMAT = "dwarf-with-dsym";
				ENABLE_NS_ASSERTIONS = NO;
				ENABLE_STRICT_OBJC_MSGSEND = YES;
				GCC_C_LANGUAGE_STANDARD = gnu11;
				GCC_NO_COMMON_BLOCKS = YES;
				GCC_WARN_64_TO_32_BIT_CONVERSION = YES;
				GCC_WARN_ABOUT_RETURN_TYPE = YES_ERROR;
				GCC_WARN_UNDECLARED_SELECTOR = YES;
				GCC_WARN_UNINITIALIZED_AUTOS = YES_AGGRESSIVE;
				GCC_WARN_UNUSED_FUNCTION = YES;
				GCC_WARN_UNUSED_VARIABLE = YES;
				IPHONEOS_DEPLOYMENT_TARGET = 15.0;
				MTL_ENABLE_DEBUG_INFO = NO;
				MTL_FAST_MATH = YES;
				SDKROOT = iphoneos;
				SWIFT_COMPILATION_MODE = wholemodule;
				SWIFT_OPTIMIZATION_LEVEL = "-O";
				VALIDATE_PRODUCT = YES;
			};
			name = Release;
		};
		11E0220B28AA2680004846F7 /* Debug */ = {
			isa = XCBuildConfiguration;
			buildSettings = {
				ASSETCATALOG_COMPILER_APPICON_NAME = AppIcon;
				ASSETCATALOG_COMPILER_GLOBAL_ACCENT_COLOR_NAME = AccentColor;
				CODE_SIGN_STYLE = Automatic;
				CURRENT_PROJECT_VERSION = 1;
				DEVELOPMENT_TEAM = QWP4K38XSA;
				GENERATE_INFOPLIST_FILE = YES;
				INFOPLIST_FILE = "iOS6-HW26-Alexander.Strelkov/Resources/Info.plist";
				INFOPLIST_KEY_UIApplicationSupportsIndirectInputEvents = YES;
				INFOPLIST_KEY_UILaunchStoryboardName = LaunchScreen;
				INFOPLIST_KEY_UIMainStoryboardFile = Main;
				INFOPLIST_KEY_UISupportedInterfaceOrientations_iPad = "UIInterfaceOrientationPortrait UIInterfaceOrientationPortraitUpsideDown UIInterfaceOrientationLandscapeLeft UIInterfaceOrientationLandscapeRight";
				INFOPLIST_KEY_UISupportedInterfaceOrientations_iPhone = "UIInterfaceOrientationPortrait UIInterfaceOrientationLandscapeLeft UIInterfaceOrientationLandscapeRight";
				LD_RUNPATH_SEARCH_PATHS = (
					"$(inherited)",
					"@executable_path/Frameworks",
				);
				MARKETING_VERSION = 1.0;
				PRODUCT_BUNDLE_IDENTIFIER = "com.my.iOS6-HW26-Alexander-Strelkov";
				PRODUCT_NAME = "$(TARGET_NAME)";
				SWIFT_EMIT_LOC_STRINGS = YES;
				SWIFT_VERSION = 5.0;
				TARGETED_DEVICE_FAMILY = "1,2";
			};
			name = Debug;
		};
		11E0220C28AA2680004846F7 /* Release */ = {
			isa = XCBuildConfiguration;
			buildSettings = {
				ASSETCATALOG_COMPILER_APPICON_NAME = AppIcon;
				ASSETCATALOG_COMPILER_GLOBAL_ACCENT_COLOR_NAME = AccentColor;
				CODE_SIGN_STYLE = Automatic;
				CURRENT_PROJECT_VERSION = 1;
				DEVELOPMENT_TEAM = QWP4K38XSA;
				GENERATE_INFOPLIST_FILE = YES;
				INFOPLIST_FILE = "iOS6-HW26-Alexander.Strelkov/Resources/Info.plist";
				INFOPLIST_KEY_UIApplicationSupportsIndirectInputEvents = YES;
				INFOPLIST_KEY_UILaunchStoryboardName = LaunchScreen;
				INFOPLIST_KEY_UIMainStoryboardFile = Main;
				INFOPLIST_KEY_UISupportedInterfaceOrientations_iPad = "UIInterfaceOrientationPortrait UIInterfaceOrientationPortraitUpsideDown UIInterfaceOrientationLandscapeLeft UIInterfaceOrientationLandscapeRight";
				INFOPLIST_KEY_UISupportedInterfaceOrientations_iPhone = "UIInterfaceOrientationPortrait UIInterfaceOrientationLandscapeLeft UIInterfaceOrientationLandscapeRight";
				LD_RUNPATH_SEARCH_PATHS = (
					"$(inherited)",
					"@executable_path/Frameworks",
				);
				MARKETING_VERSION = 1.0;
				PRODUCT_BUNDLE_IDENTIFIER = "com.my.iOS6-HW26-Alexander-Strelkov";
				PRODUCT_NAME = "$(TARGET_NAME)";
				SWIFT_EMIT_LOC_STRINGS = YES;
				SWIFT_VERSION = 5.0;
				TARGETED_DEVICE_FAMILY = "1,2";
			};
			name = Release;
		};
/* End XCBuildConfiguration section */

/* Begin XCConfigurationList section */
		11E021F128AA267D004846F7 /* Build configuration list for PBXProject "iOS6-HW26-Alexander.Strelkov" */ = {
			isa = XCConfigurationList;
			buildConfigurations = (
				11E0220828AA2680004846F7 /* Debug */,
				11E0220928AA2680004846F7 /* Release */,
			);
			defaultConfigurationIsVisible = 0;
			defaultConfigurationName = Release;
		};
		11E0220A28AA2680004846F7 /* Build configuration list for PBXNativeTarget "iOS6-HW26-Alexander.Strelkov" */ = {
			isa = XCConfigurationList;
			buildConfigurations = (
				11E0220B28AA2680004846F7 /* Debug */,
				11E0220C28AA2680004846F7 /* Release */,
			);
			defaultConfigurationIsVisible = 0;
			defaultConfigurationName = Release;
		};
/* End XCConfigurationList section */

/* Begin XCVersionGroup section */
		11684CBA28B0014100A7503E /* UsersDataModel.xcdatamodeld */ = {
			isa = XCVersionGroup;
			children = (
				11684CBB28B0014100A7503E /* UsersDataModel.xcdatamodel */,
			);
			currentVersion = 11684CBB28B0014100A7503E /* UsersDataModel.xcdatamodel */;
			path = UsersDataModel.xcdatamodeld;
			sourceTree = "<group>";
			versionGroupType = wrapper.xcdatamodel;
		};
/* End XCVersionGroup section */
	};
	rootObject = 11E021EE28AA267D004846F7 /* Project object */;
}
